// !$*UTF8*$!
{
	archiveVersion = 1;
	classes = {
	};
	objectVersion = 50;
	objects = {

/* Begin PBXBuildFile section */
		E8D9F74F24F7800C0022D665 /* AppDelegate.swift in Sources */ = {isa = PBXBuildFile; fileRef = E8D9F74E24F7800C0022D665 /* AppDelegate.swift */; };
		E8D9F75124F7800C0022D665 /* SceneDelegate.swift in Sources */ = {isa = PBXBuildFile; fileRef = E8D9F75024F7800C0022D665 /* SceneDelegate.swift */; };
		E8D9F75324F7800C0022D665 /* ViewController.swift in Sources */ = {isa = PBXBuildFile; fileRef = E8D9F75224F7800C0022D665 /* ViewController.swift */; };
		E8D9F75624F7800C0022D665 /* Main.storyboard in Resources */ = {isa = PBXBuildFile; fileRef = E8D9F75424F7800C0022D665 /* Main.storyboard */; };
		E8D9F75824F780100022D665 /* Assets.xcassets in Resources */ = {isa = PBXBuildFile; fileRef = E8D9F75724F780100022D665 /* Assets.xcassets */; };
		E8D9F75B24F780100022D665 /* LaunchScreen.storyboard in Resources */ = {isa = PBXBuildFile; fileRef = E8D9F75924F780100022D665 /* LaunchScreen.storyboard */; };
		E8D9F76624F780100022D665 /* SampleTests.swift in Sources */ = {isa = PBXBuildFile; fileRef = E8D9F76524F780100022D665 /* SampleTests.swift */; };
		E8D9F77124F780100022D665 /* SampleUITests.swift in Sources */ = {isa = PBXBuildFile; fileRef = E8D9F77024F780100022D665 /* SampleUITests.swift */; };
/* End PBXBuildFile section */

/* Begin PBXContainerItemProxy section */
		E8D9F76224F780100022D665 /* PBXContainerItemProxy */ = {
			isa = PBXContainerItemProxy;
			containerPortal = E8D9F74324F7800C0022D665 /* Project object */;
			proxyType = 1;
			remoteGlobalIDString = E8D9F74A24F7800C0022D665;
			remoteInfo = Sample;
		};
		E8D9F76D24F780100022D665 /* PBXContainerItemProxy */ = {
			isa = PBXContainerItemProxy;
			containerPortal = E8D9F74324F7800C0022D665 /* Project object */;
			proxyType = 1;
			remoteGlobalIDString = E8D9F74A24F7800C0022D665;
			remoteInfo = Sample;
		};
/* End PBXContainerItemProxy section */

/* Begin PBXFileReference section */
		E8D9F74B24F7800C0022D665 /* Sample.app */ = {isa = PBXFileReference; explicitFileType = wrapper.application; includeInIndex = 0; path = Sample.app; sourceTree = BUILT_PRODUCTS_DIR; };
		E8D9F74E24F7800C0022D665 /* AppDelegate.swift */ = {isa = PBXFileReference; lastKnownFileType = sourcecode.swift; path = AppDelegate.swift; sourceTree = "<group>"; };
		E8D9F75024F7800C0022D665 /* SceneDelegate.swift */ = {isa = PBXFileReference; lastKnownFileType = sourcecode.swift; path = SceneDelegate.swift; sourceTree = "<group>"; };
		E8D9F75224F7800C0022D665 /* ViewController.swift */ = {isa = PBXFileReference; lastKnownFileType = sourcecode.swift; path = ViewController.swift; sourceTree = "<group>"; };
		E8D9F75524F7800C0022D665 /* Base */ = {isa = PBXFileReference; lastKnownFileType = file.storyboard; name = Base; path = Base.lproj/Main.storyboard; sourceTree = "<group>"; };
		E8D9F75724F780100022D665 /* Assets.xcassets */ = {isa = PBXFileReference; lastKnownFileType = folder.assetcatalog; path = Assets.xcassets; sourceTree = "<group>"; };
		E8D9F75A24F780100022D665 /* Base */ = {isa = PBXFileReference; lastKnownFileType = file.storyboard; name = Base; path = Base.lproj/LaunchScreen.storyboard; sourceTree = "<group>"; };
		E8D9F75C24F780100022D665 /* Info.plist */ = {isa = PBXFileReference; lastKnownFileType = text.plist.xml; path = Info.plist; sourceTree = "<group>"; };
		E8D9F76124F780100022D665 /* SampleTests.xctest */ = {isa = PBXFileReference; explicitFileType = wrapper.cfbundle; includeInIndex = 0; path = SampleTests.xctest; sourceTree = BUILT_PRODUCTS_DIR; };
		E8D9F76524F780100022D665 /* SampleTests.swift */ = {isa = PBXFileReference; lastKnownFileType = sourcecode.swift; path = SampleTests.swift; sourceTree = "<group>"; };
		E8D9F76724F780100022D665 /* Info.plist */ = {isa = PBXFileReference; lastKnownFileType = text.plist.xml; path = Info.plist; sourceTree = "<group>"; };
		E8D9F76C24F780100022D665 /* SampleUITests.xctest */ = {isa = PBXFileReference; explicitFileType = wrapper.cfbundle; includeInIndex = 0; path = SampleUITests.xctest; sourceTree = BUILT_PRODUCTS_DIR; };
		E8D9F77024F780100022D665 /* SampleUITests.swift */ = {isa = PBXFileReference; lastKnownFileType = sourcecode.swift; path = SampleUITests.swift; sourceTree = "<group>"; };
		E8D9F77224F780100022D665 /* Info.plist */ = {isa = PBXFileReference; lastKnownFileType = text.plist.xml; path = Info.plist; sourceTree = "<group>"; };
/* End PBXFileReference section */

/* Begin PBXFrameworksBuildPhase section */
		E8D9F74824F7800C0022D665 /* Frameworks */ = {
			isa = PBXFrameworksBuildPhase;
			buildActionMask = 2147483647;
			files = (
			);
			runOnlyForDeploymentPostprocessing = 0;
		};
		E8D9F75E24F780100022D665 /* Frameworks */ = {
			isa = PBXFrameworksBuildPhase;
			buildActionMask = 2147483647;
			files = (
			);
			runOnlyForDeploymentPostprocessing = 0;
		};
		E8D9F76924F780100022D665 /* Frameworks */ = {
			isa = PBXFrameworksBuildPhase;
			buildActionMask = 2147483647;
			files = (
			);
			runOnlyForDeploymentPostprocessing = 0;
		};
/* End PBXFrameworksBuildPhase section */

/* Begin PBXGroup section */
		E8D9F74224F7800C0022D665 = {
			isa = PBXGroup;
			children = (
				E8D9F74D24F7800C0022D665 /* Sample */,
				E8D9F76424F780100022D665 /* SampleTests */,
				E8D9F76F24F780100022D665 /* SampleUITests */,
				E8D9F74C24F7800C0022D665 /* Products */,
			);
			sourceTree = "<group>";
		};
		E8D9F74C24F7800C0022D665 /* Products */ = {
			isa = PBXGroup;
			children = (
				E8D9F74B24F7800C0022D665 /* Sample.app */,
				E8D9F76124F780100022D665 /* SampleTests.xctest */,
				E8D9F76C24F780100022D665 /* SampleUITests.xctest */,
			);
			name = Products;
			sourceTree = "<group>";
		};
		E8D9F74D24F7800C0022D665 /* Sample */ = {
			isa = PBXGroup;
			children = (
				E8D9F74E24F7800C0022D665 /* AppDelegate.swift */,
				E8D9F75024F7800C0022D665 /* SceneDelegate.swift */,
				E8D9F75224F7800C0022D665 /* ViewController.swift */,
				E8D9F75424F7800C0022D665 /* Main.storyboard */,
				E8D9F75724F780100022D665 /* Assets.xcassets */,
				E8D9F75924F780100022D665 /* LaunchScreen.storyboard */,
				E8D9F75C24F780100022D665 /* Info.plist */,
			);
			path = Sample;
			sourceTree = "<group>";
		};
		E8D9F76424F780100022D665 /* SampleTests */ = {
			isa = PBXGroup;
			children = (
				E8D9F76524F780100022D665 /* SampleTests.swift */,
				E8D9F76724F780100022D665 /* Info.plist */,
			);
			path = SampleTests;
			sourceTree = "<group>";
		};
		E8D9F76F24F780100022D665 /* SampleUITests */ = {
			isa = PBXGroup;
			children = (
				E8D9F77024F780100022D665 /* SampleUITests.swift */,
				E8D9F77224F780100022D665 /* Info.plist */,
			);
			path = SampleUITests;
			sourceTree = "<group>";
		};
/* End PBXGroup section */

/* Begin PBXNativeTarget section */
		E8D9F74A24F7800C0022D665 /* Sample */ = {
			isa = PBXNativeTarget;
			buildConfigurationList = E8D9F77524F780100022D665 /* Build configuration list for PBXNativeTarget "Sample" */;
			buildPhases = (
				E8D9F74724F7800C0022D665 /* Sources */,
				E8D9F74824F7800C0022D665 /* Frameworks */,
				E8D9F74924F7800C0022D665 /* Resources */,
			);
			buildRules = (
			);
			dependencies = (
			);
			name = Sample;
			productName = Sample;
			productReference = E8D9F74B24F7800C0022D665 /* Sample.app */;
			productType = "com.apple.product-type.application";
		};
		E8D9F76024F780100022D665 /* SampleTests */ = {
			isa = PBXNativeTarget;
			buildConfigurationList = E8D9F77824F780100022D665 /* Build configuration list for PBXNativeTarget "SampleTests" */;
			buildPhases = (
				E8D9F75D24F780100022D665 /* Sources */,
				E8D9F75E24F780100022D665 /* Frameworks */,
				E8D9F75F24F780100022D665 /* Resources */,
			);
			buildRules = (
			);
			dependencies = (
				E8D9F76324F780100022D665 /* PBXTargetDependency */,
			);
			name = SampleTests;
			productName = SampleTests;
			productReference = E8D9F76124F780100022D665 /* SampleTests.xctest */;
			productType = "com.apple.product-type.bundle.unit-test";
		};
		E8D9F76B24F780100022D665 /* SampleUITests */ = {
			isa = PBXNativeTarget;
			buildConfigurationList = E8D9F77B24F780100022D665 /* Build configuration list for PBXNativeTarget "SampleUITests" */;
			buildPhases = (
				E8D9F76824F780100022D665 /* Sources */,
				E8D9F76924F780100022D665 /* Frameworks */,
				E8D9F76A24F780100022D665 /* Resources */,
			);
			buildRules = (
			);
			dependencies = (
				E8D9F76E24F780100022D665 /* PBXTargetDependency */,
			);
			name = SampleUITests;
			productName = SampleUITests;
			productReference = E8D9F76C24F780100022D665 /* SampleUITests.xctest */;
			productType = "com.apple.product-type.bundle.ui-testing";
		};
/* End PBXNativeTarget section */

/* Begin PBXProject section */
		E8D9F74324F7800C0022D665 /* Project object */ = {
			isa = PBXProject;
			attributes = {
				LastSwiftUpdateCheck = 1130;
				LastUpgradeCheck = 1130;
				ORGANIZATIONNAME = Kento_E;
				TargetAttributes = {
					E8D9F74A24F7800C0022D665 = {
						CreatedOnToolsVersion = 11.3.1;
					};
					E8D9F76024F780100022D665 = {
						CreatedOnToolsVersion = 11.3.1;
						TestTargetID = E8D9F74A24F7800C0022D665;
					};
					E8D9F76B24F780100022D665 = {
						CreatedOnToolsVersion = 11.3.1;
						TestTargetID = E8D9F74A24F7800C0022D665;
					};
				};
			};
			buildConfigurationList = E8D9F74624F7800C0022D665 /* Build configuration list for PBXProject "Sample" */;
			compatibilityVersion = "Xcode 9.3";
			developmentRegion = en;
			hasScannedForEncodings = 0;
			knownRegions = (
				en,
				Base,
			);
			mainGroup = E8D9F74224F7800C0022D665;
			productRefGroup = E8D9F74C24F7800C0022D665 /* Products */;
			projectDirPath = "";
			projectRoot = "";
			targets = (
				E8D9F74A24F7800C0022D665 /* Sample */,
				E8D9F76024F780100022D665 /* SampleTests */,
				E8D9F76B24F780100022D665 /* SampleUITests */,
			);
		};
/* End PBXProject section */

/* Begin PBXResourcesBuildPhase section */
		E8D9F74924F7800C0022D665 /* Resources */ = {
			isa = PBXResourcesBuildPhase;
			buildActionMask = 2147483647;
			files = (
				E8D9F75B24F780100022D665 /* LaunchScreen.storyboard in Resources */,
				E8D9F75824F780100022D665 /* Assets.xcassets in Resources */,
				E8D9F75624F7800C0022D665 /* Main.storyboard in Resources */,
			);
			runOnlyForDeploymentPostprocessing = 0;
		};
		E8D9F75F24F780100022D665 /* Resources */ = {
			isa = PBXResourcesBuildPhase;
			buildActionMask = 2147483647;
			files = (
			);
			runOnlyForDeploymentPostprocessing = 0;
		};
		E8D9F76A24F780100022D665 /* Resources */ = {
			isa = PBXResourcesBuildPhase;
			buildActionMask = 2147483647;
			files = (
			);
			runOnlyForDeploymentPostprocessing = 0;
		};
/* End PBXResourcesBuildPhase section */

/* Begin PBXSourcesBuildPhase section */
		E8D9F74724F7800C0022D665 /* Sources */ = {
			isa = PBXSourcesBuildPhase;
			buildActionMask = 2147483647;
			files = (
				E8D9F75324F7800C0022D665 /* ViewController.swift in Sources */,
				E8D9F74F24F7800C0022D665 /* AppDelegate.swift in Sources */,
				E8D9F75124F7800C0022D665 /* SceneDelegate.swift in Sources */,
			);
			runOnlyForDeploymentPostprocessing = 0;
		};
		E8D9F75D24F780100022D665 /* Sources */ = {
			isa = PBXSourcesBuildPhase;
			buildActionMask = 2147483647;
			files = (
				E8D9F76624F780100022D665 /* SampleTests.swift in Sources */,
			);
			runOnlyForDeploymentPostprocessing = 0;
		};
		E8D9F76824F780100022D665 /* Sources */ = {
			isa = PBXSourcesBuildPhase;
			buildActionMask = 2147483647;
			files = (
				E8D9F77124F780100022D665 /* SampleUITests.swift in Sources */,
			);
			runOnlyForDeploymentPostprocessing = 0;
		};
/* End PBXSourcesBuildPhase section */

/* Begin PBXTargetDependency section */
		E8D9F76324F780100022D665 /* PBXTargetDependency */ = {
			isa = PBXTargetDependency;
			target = E8D9F74A24F7800C0022D665 /* Sample */;
			targetProxy = E8D9F76224F780100022D665 /* PBXContainerItemProxy */;
		};
		E8D9F76E24F780100022D665 /* PBXTargetDependency */ = {
			isa = PBXTargetDependency;
			target = E8D9F74A24F7800C0022D665 /* Sample */;
			targetProxy = E8D9F76D24F780100022D665 /* PBXContainerItemProxy */;
		};
/* End PBXTargetDependency section */

/* Begin PBXVariantGroup section */
		E8D9F75424F7800C0022D665 /* Main.storyboard */ = {
			isa = PBXVariantGroup;
			children = (
				E8D9F75524F7800C0022D665 /* Base */,
			);
			name = Main.storyboard;
			sourceTree = "<group>";
		};
		E8D9F75924F780100022D665 /* LaunchScreen.storyboard */ = {
			isa = PBXVariantGroup;
			children = (
				E8D9F75A24F780100022D665 /* Base */,
			);
			name = LaunchScreen.storyboard;
			sourceTree = "<group>";
		};
/* End PBXVariantGroup section */

/* Begin XCBuildConfiguration section */
		E8D9F77324F780100022D665 /* Debug */ = {
			isa = XCBuildConfiguration;
			buildSettings = {
				ALWAYS_SEARCH_USER_PATHS = NO;
				CLANG_ANALYZER_NONNULL = YES;
				CLANG_ANALYZER_NUMBER_OBJECT_CONVERSION = YES_AGGRESSIVE;
				CLANG_CXX_LANGUAGE_STANDARD = "gnu++14";
				CLANG_CXX_LIBRARY = "libc++";
				CLANG_ENABLE_MODULES = YES;
				CLANG_ENABLE_OBJC_ARC = YES;
				CLANG_ENABLE_OBJC_WEAK = YES;
				CLANG_WARN_BLOCK_CAPTURE_AUTORELEASING = YES;
				CLANG_WARN_BOOL_CONVERSION = YES;
				CLANG_WARN_COMMA = YES;
				CLANG_WARN_CONSTANT_CONVERSION = YES;
				CLANG_WARN_DEPRECATED_OBJC_IMPLEMENTATIONS = YES;
				CLANG_WARN_DIRECT_OBJC_ISA_USAGE = YES_ERROR;
				CLANG_WARN_DOCUMENTATION_COMMENTS = YES;
				CLANG_WARN_EMPTY_BODY = YES;
				CLANG_WARN_ENUM_CONVERSION = YES;
				CLANG_WARN_INFINITE_RECURSION = YES;
				CLANG_WARN_INT_CONVERSION = YES;
				CLANG_WARN_NON_LITERAL_NULL_CONVERSION = YES;
				CLANG_WARN_OBJC_IMPLICIT_RETAIN_SELF = YES;
				CLANG_WARN_OBJC_LITERAL_CONVERSION = YES;
				CLANG_WARN_OBJC_ROOT_CLASS = YES_ERROR;
				CLANG_WARN_RANGE_LOOP_ANALYSIS = YES;
				CLANG_WARN_STRICT_PROTOTYPES = YES;
				CLANG_WARN_SUSPICIOUS_MOVE = YES;
				CLANG_WARN_UNGUARDED_AVAILABILITY = YES_AGGRESSIVE;
				CLANG_WARN_UNREACHABLE_CODE = YES;
				CLANG_WARN__DUPLICATE_METHOD_MATCH = YES;
				COPY_PHASE_STRIP = NO;
				DEBUG_INFORMATION_FORMAT = dwarf;
				ENABLE_STRICT_OBJC_MSGSEND = YES;
				ENABLE_TESTABILITY = YES;
				GCC_C_LANGUAGE_STANDARD = gnu11;
				GCC_DYNAMIC_NO_PIC = NO;
				GCC_NO_COMMON_BLOCKS = YES;
				GCC_OPTIMIZATION_LEVEL = 0;
				GCC_PREPROCESSOR_DEFINITIONS = (
					"DEBUG=1",
					"$(inherited)",
				);
				GCC_WARN_64_TO_32_BIT_CONVERSION = YES;
				GCC_WARN_ABOUT_RETURN_TYPE = YES_ERROR;
				GCC_WARN_UNDECLARED_SELECTOR = YES;
				GCC_WARN_UNINITIALIZED_AUTOS = YES_AGGRESSIVE;
				GCC_WARN_UNUSED_FUNCTION = YES;
				GCC_WARN_UNUSED_VARIABLE = YES;
				IPHONEOS_DEPLOYMENT_TARGET = 13.2;
				MTL_ENABLE_DEBUG_INFO = INCLUDE_SOURCE;
				MTL_FAST_MATH = YES;
				ONLY_ACTIVE_ARCH = YES;
				SDKROOT = iphoneos;
				SWIFT_ACTIVE_COMPILATION_CONDITIONS = DEBUG;
				SWIFT_OPTIMIZATION_LEVEL = "-Onone";
			};
			name = Debug;
		};
		E8D9F77424F780100022D665 /* Release */ = {
			isa = XCBuildConfiguration;
			buildSettings = {
				ALWAYS_SEARCH_USER_PATHS = NO;
				CLANG_ANALYZER_NONNULL = YES;
				CLANG_ANALYZER_NUMBER_OBJECT_CONVERSION = YES_AGGRESSIVE;
				CLANG_CXX_LANGUAGE_STANDARD = "gnu++14";
				CLANG_CXX_LIBRARY = "libc++";
				CLANG_ENABLE_MODULES = YES;
				CLANG_ENABLE_OBJC_ARC = YES;
				CLANG_ENABLE_OBJC_WEAK = YES;
				CLANG_WARN_BLOCK_CAPTURE_AUTORELEASING = YES;
				CLANG_WARN_BOOL_CONVERSION = YES;
				CLANG_WARN_COMMA = YES;
				CLANG_WARN_CONSTANT_CONVERSION = YES;
				CLANG_WARN_DEPRECATED_OBJC_IMPLEMENTATIONS = YES;
				CLANG_WARN_DIRECT_OBJC_ISA_USAGE = YES_ERROR;
				CLANG_WARN_DOCUMENTATION_COMMENTS = YES;
				CLANG_WARN_EMPTY_BODY = YES;
				CLANG_WARN_ENUM_CONVERSION = YES;
				CLANG_WARN_INFINITE_RECURSION = YES;
				CLANG_WARN_INT_CONVERSION = YES;
				CLANG_WARN_NON_LITERAL_NULL_CONVERSION = YES;
				CLANG_WARN_OBJC_IMPLICIT_RETAIN_SELF = YES;
				CLANG_WARN_OBJC_LITERAL_CONVERSION = YES;
				CLANG_WARN_OBJC_ROOT_CLASS = YES_ERROR;
				CLANG_WARN_RANGE_LOOP_ANALYSIS = YES;
				CLANG_WARN_STRICT_PROTOTYPES = YES;
				CLANG_WARN_SUSPICIOUS_MOVE = YES;
				CLANG_WARN_UNGUARDED_AVAILABILITY = YES_AGGRESSIVE;
				CLANG_WARN_UNREACHABLE_CODE = YES;
				CLANG_WARN__DUPLICATE_METHOD_MATCH = YES;
				COPY_PHASE_STRIP = NO;
				DEBUG_INFORMATION_FORMAT = "dwarf-with-dsym";
				ENABLE_NS_ASSERTIONS = NO;
				ENABLE_STRICT_OBJC_MSGSEND = YES;
				GCC_C_LANGUAGE_STANDARD = gnu11;
				GCC_NO_COMMON_BLOCKS = YES;
				GCC_WARN_64_TO_32_BIT_CONVERSION = YES;
				GCC_WARN_ABOUT_RETURN_TYPE = YES_ERROR;
				GCC_WARN_UNDECLARED_SELECTOR = YES;
				GCC_WARN_UNINITIALIZED_AUTOS = YES_AGGRESSIVE;
				GCC_WARN_UNUSED_FUNCTION = YES;
				GCC_WARN_UNUSED_VARIABLE = YES;
				IPHONEOS_DEPLOYMENT_TARGET = 13.2;
				MTL_ENABLE_DEBUG_INFO = NO;
				MTL_FAST_MATH = YES;
				SDKROOT = iphoneos;
				SWIFT_COMPILATION_MODE = wholemodule;
				SWIFT_OPTIMIZATION_LEVEL = "-O";
				VALIDATE_PRODUCT = YES;
			};
			name = Release;
		};
		E8D9F77624F780100022D665 /* Debug */ = {
			isa = XCBuildConfiguration;
			buildSettings = {
				ASSETCATALOG_COMPILER_APPICON_NAME = AppIcon;
				CODE_SIGN_STYLE = Automatic;
				INFOPLIST_FILE = Sample/Info.plist;
				LD_RUNPATH_SEARCH_PATHS = (
					"$(inherited)",
					"@executable_path/Frameworks",
				);
				PRODUCT_BUNDLE_IDENTIFIER = e.Sample;
				PRODUCT_NAME = "$(TARGET_NAME)";
				SWIFT_VERSION = 5.0;
				TARGETED_DEVICE_FAMILY = "1,2";
			};
			name = Debug;
		};
		E8D9F77724F780100022D665 /* Release */ = {
			isa = XCBuildConfiguration;
			buildSettings = {
				ASSETCATALOG_COMPILER_APPICON_NAME = AppIcon;
				CODE_SIGN_STYLE = Automatic;
				INFOPLIST_FILE = Sample/Info.plist;
				LD_RUNPATH_SEARCH_PATHS = (
					"$(inherited)",
					"@executable_path/Frameworks",
				);
				PRODUCT_BUNDLE_IDENTIFIER = e.Sample;
				PRODUCT_NAME = "$(TARGET_NAME)";
				SWIFT_VERSION = 5.0;
				TARGETED_DEVICE_FAMILY = "1,2";
			};
			name = Release;
		};
		E8D9F77924F780100022D665 /* Debug */ = {
			isa = XCBuildConfiguration;
			buildSettings = {
				ALWAYS_EMBED_SWIFT_STANDARD_LIBRARIES = YES;
				BUNDLE_LOADER = "$(TEST_HOST)";
				CODE_SIGN_STYLE = Automatic;
				INFOPLIST_FILE = SampleTests/Info.plist;
				IPHONEOS_DEPLOYMENT_TARGET = 13.2;
				LD_RUNPATH_SEARCH_PATHS = (
					"$(inherited)",
					"@executable_path/Frameworks",
					"@loader_path/Frameworks",
				);
				PRODUCT_BUNDLE_IDENTIFIER = e.SampleTests;
				PRODUCT_NAME = "$(TARGET_NAME)";
				SWIFT_VERSION = 5.0;
				TARGETED_DEVICE_FAMILY = "1,2";
				TEST_HOST = "$(BUILT_PRODUCTS_DIR)/Sample.app/Sample";
			};
			name = Debug;
		};
		E8D9F77A24F780100022D665 /* Release */ = {
			isa = XCBuildConfiguration;
			buildSettings = {
				ALWAYS_EMBED_SWIFT_STANDARD_LIBRARIES = YES;
				BUNDLE_LOADER = "$(TEST_HOST)";
				CODE_SIGN_STYLE = Automatic;
				INFOPLIST_FILE = SampleTests/Info.plist;
				IPHONEOS_DEPLOYMENT_TARGET = 13.2;
				LD_RUNPATH_SEARCH_PATHS = (
					"$(inherited)",
					"@executable_path/Frameworks",
					"@loader_path/Frameworks",
				);
				PRODUCT_BUNDLE_IDENTIFIER = e.SampleTests;
				PRODUCT_NAME = "$(TARGET_NAME)";
				SWIFT_VERSION = 5.0;
				TARGETED_DEVICE_FAMILY = "1,2";
				TEST_HOST = "$(BUILT_PRODUCTS_DIR)/Sample.app/Sample";
			};
			name = Release;
		};
		E8D9F77C24F780100022D665 /* Debug */ = {
			isa = XCBuildConfiguration;
			buildSettings = {
				ALWAYS_EMBED_SWIFT_STANDARD_LIBRARIES = YES;
				CODE_SIGN_STYLE = Automatic;
				INFOPLIST_FILE = SampleUITests/Info.plist;
				LD_RUNPATH_SEARCH_PATHS = (
					"$(inherited)",
					"@executable_path/Frameworks",
					"@loader_path/Frameworks",
				);
				PRODUCT_BUNDLE_IDENTIFIER = e.SampleUITests;
				PRODUCT_NAME = "$(TARGET_NAME)";
				SWIFT_VERSION = 5.0;
				TARGETED_DEVICE_FAMILY = "1,2";
				TEST_TARGET_NAME = Sample;
			};
			name = Debug;
		};
		E8D9F77D24F780100022D665 /* Release */ = {
			isa = XCBuildConfiguration;
			buildSettings = {
				ALWAYS_EMBED_SWIFT_STANDARD_LIBRARIES = YES;
				CODE_SIGN_STYLE = Automatic;
				INFOPLIST_FILE = SampleUITests/Info.plist;
				LD_RUNPATH_SEARCH_PATHS = (
					"$(inherited)",
					"@executable_path/Frameworks",
					"@loader_path/Frameworks",
				);
				PRODUCT_BUNDLE_IDENTIFIER = e.SampleUITests;
				PRODUCT_NAME = "$(TARGET_NAME)";
				SWIFT_VERSION = 5.0;
				TARGETED_DEVICE_FAMILY = "1,2";
				TEST_TARGET_NAME = Sample;
			};
			name = Release;
		};
/* End XCBuildConfiguration section */

/* Begin XCConfigurationList section */
		E8D9F74624F7800C0022D665 /* Build configuration list for PBXProject "Sample" */ = {
			isa = XCConfigurationList;
			buildConfigurations = (
				E8D9F77324F780100022D665 /* Debug */,
				E8D9F77424F780100022D665 /* Release */,
			);
			defaultConfigurationIsVisible = 0;
			defaultConfigurationName = Release;
		};
		E8D9F77524F780100022D665 /* Build configuration list for PBXNativeTarget "Sample" */ = {
			isa = XCConfigurationList;
			buildConfigurations = (
				E8D9F77624F780100022D665 /* Debug */,
				E8D9F77724F780100022D665 /* Release */,
			);
			defaultConfigurationIsVisible = 0;
			defaultConfigurationName = Release;
		};
		E8D9F77824F780100022D665 /* Build configuration list for PBXNativeTarget "SampleTests" */ = {
			isa = XCConfigurationList;
			buildConfigurations = (
				E8D9F77924F780100022D665 /* Debug */,
				E8D9F77A24F780100022D665 /* Release */,
			);
			defaultConfigurationIsVisible = 0;
			defaultConfigurationName = Release;
		};
		E8D9F77B24F780100022D665 /* Build configuration list for PBXNativeTarget "SampleUITests" */ = {
			isa = XCConfigurationList;
			buildConfigurations = (
				E8D9F77C24F780100022D665 /* Debug */,
				E8D9F77D24F780100022D665 /* Release */,
			);
			defaultConfigurationIsVisible = 0;
			defaultConfigurationName = Release;
		};
/* End XCConfigurationList section */
	};
	rootObject = E8D9F74324F7800C0022D665 /* Project object */;
}
